# This file is automatically @generated by Poetry 1.8.3 and should not be changed by hand.

[[package]]
name = "azure-functions"
version = "1.19.0"
description = "Azure Functions for Python"
optional = false
python-versions = "*"
files = [
    {file = "azure-functions-1.19.0.tar.gz", hash = "sha256:f3494913d137af9fd735e2b2497aa54fc308b64f4902aa286c19b328fa3ae278"},
    {file = "azure_functions-1.19.0-py3-none-any.whl", hash = "sha256:1184cef20a587f4f63c9d4fbe20d6682163192b36bd1e16cc6e8261b2ba3fb61"},
]

[package.extras]
dev = ["coverage", "flake8 (>=4.0.1,<4.1.0)", "flake8-logging-format", "mypy", "pytest", "pytest-cov", "requests (==2.*)"]

[metadata]
lock-version = "2.0"
python-versions = "^3.12"
content-hash = "6bae798ff317cd2fde5c6438ac0cfe293b77730045f39300a023a1abc4244f2b"
